
Microsoft Visual Studio Solution File, Format Version 12.00
# Visual Studio 15
VisualStudioVersion = 15.0.28010.2046
MinimumVisualStudioVersion = 10.0.40219.1
Project("{888888A0-9F3D-457C-B088-3A5042F75D52}") = "GameBot", "GameBot\GameBot.pyproj", "{D74A8FE5-3A48-4CF2-8C5F-4E8FBA29E463}"
EndProject
Global
	GlobalSection(SolutionConfigurationPlatforms) = preSolution
		Debug|Any CPU = Debug|Any CPU
		Release|Any CPU = Release|Any CPU
	EndGlobalSection
	GlobalSection(ProjectConfigurationPlatforms) = postSolution
		{D74A8FE5-3A48-4CF2-8C5F-4E8FBA29E463}.Debug|Any CPU.ActiveCfg = Debug|Any CPU
		{D74A8FE5-3A48-4CF2-8C5F-4E8FBA29E463}.Release|Any CPU.ActiveCfg = Release|Any CPU
	EndGlobalSection
	GlobalSection(SolutionProperties) = preSolution
		HideSolutionNode = FALSE
	EndGlobalSection
	GlobalSection(ExtensibilityGlobals) = postSolution
		SolutionGuid = {48E7A43B-1002-416E-BF9A-86F9D631A122}
	EndGlobalSection
EndGlobal
